
Microsoft Visual Studio Solution File, Format Version 12.00
# Visual Studio Version 16
VisualStudioVersion = 16.0.29926.136
MinimumVisualStudioVersion = 10.0.40219.1
Project("{FAE04EC0-301F-11D3-BF4B-00C04F79EFBC}") = "kolokwium", "kolokwium\kolokwium.csproj", "{9510944D-647B-4909-A0CB-BCFE6D65961F}"
EndProject
Global
	GlobalSection(SolutionConfigurationPlatforms) = preSolution
		Debug|Any CPU = Debug|Any CPU
		Release|Any CPU = Release|Any CPU
	EndGlobalSection
	GlobalSection(ProjectConfigurationPlatforms) = postSolution
		{9510944D-647B-4909-A0CB-BCFE6D65961F}.Debug|Any CPU.ActiveCfg = Debug|Any CPU
		{9510944D-647B-4909-A0CB-BCFE6D65961F}.Debug|Any CPU.Build.0 = Debug|Any CPU
		{9510944D-647B-4909-A0CB-BCFE6D65961F}.Release|Any CPU.ActiveCfg = Release|Any CPU
		{9510944D-647B-4909-A0CB-BCFE6D65961F}.Release|Any CPU.Build.0 = Release|Any CPU
	EndGlobalSection
	GlobalSection(SolutionProperties) = preSolution
		HideSolutionNode = FALSE
	EndGlobalSection
	GlobalSection(ExtensibilityGlobals) = postSolution
		SolutionGuid = {B99CC842-BCDA-46A3-87D0-590451FBBA2A}
	EndGlobalSection
EndGlobal
